
Microsoft Visual Studio Solution File, Format Version 12.00
# Visual Studio Version 17
VisualStudioVersion = 17.1.32210.238
MinimumVisualStudioVersion = 10.0.40219.1
Project("{9A19103F-16F7-4668-BE54-9A1E7A4F7556}") = "HrSystem", "HrSystem.API\HrSystem.csproj", "{683FFDBE-D73F-447C-906D-2D757375B0C4}"
EndProject
Project("{9A19103F-16F7-4668-BE54-9A1E7A4F7556}") = "HrSystem.Domain", "HrSystem.Domain\HrSystem.Domain.csproj", "{FDC61819-078A-497F-9138-7FF803436715}"
EndProject
Global
	GlobalSection(SolutionConfigurationPlatforms) = preSolution
		Debug|Any CPU = Debug|Any CPU
		Release|Any CPU = Release|Any CPU
	EndGlobalSection
	GlobalSection(ProjectConfigurationPlatforms) = postSolution
		{683FFDBE-D73F-447C-906D-2D757375B0C4}.Debug|Any CPU.ActiveCfg = Debug|Any CPU
		{683FFDBE-D73F-447C-906D-2D757375B0C4}.Debug|Any CPU.Build.0 = Debug|Any CPU
		{683FFDBE-D73F-447C-906D-2D757375B0C4}.Release|Any CPU.ActiveCfg = Release|Any CPU
		{683FFDBE-D73F-447C-906D-2D757375B0C4}.Release|Any CPU.Build.0 = Release|Any CPU
		{FDC61819-078A-497F-9138-7FF803436715}.Debug|Any CPU.ActiveCfg = Debug|Any CPU
		{FDC61819-078A-497F-9138-7FF803436715}.Debug|Any CPU.Build.0 = Debug|Any CPU
		{FDC61819-078A-497F-9138-7FF803436715}.Release|Any CPU.ActiveCfg = Release|Any CPU
		{FDC61819-078A-497F-9138-7FF803436715}.Release|Any CPU.Build.0 = Release|Any CPU
	EndGlobalSection
	GlobalSection(SolutionProperties) = preSolution
		HideSolutionNode = FALSE
	EndGlobalSection
	GlobalSection(ExtensibilityGlobals) = postSolution
		SolutionGuid = {326406FB-3BBE-41D1-94F1-146D4ECD6A40}
	EndGlobalSection
EndGlobal
